
Microsoft Visual Studio Solution File, Format Version 12.00
# Visual Studio 14
VisualStudioVersion = 14.0.23107.0
MinimumVisualStudioVersion = 10.0.40219.1
Project("{2150E333-8FDC-42A3-9474-1A3956D46DE8}") = "SimpleFlickrClient", "SimpleFlickrClient", "{01ADFFFE-11EB-46F2-9049-6E7FC1F9E8C7}"
EndProject
Project("{D954291E-2A0B-460D-934E-DC6B0785DB48}") = "SimpleFlickrClient.Shared", "SimpleFlickrClient\SimpleFlickrClient.Shared\SimpleFlickrClient.Shared.shproj", "{C258B9D2-6B09-4B91-BD76-DA23541A08A4}"
EndProject
Project("{FAE04EC0-301F-11D3-BF4B-00C04F79EFBC}") = "SimpleFlickrClient.Windows", "SimpleFlickrClient\SimpleFlickrClient.Windows\SimpleFlickrClient.Windows.csproj", "{9ECAD7B5-98AE-43F6-95CE-257C30BD62D5}"
EndProject
Project("{FAE04EC0-301F-11D3-BF4B-00C04F79EFBC}") = "SimpleFlickrClient.WindowsPhone", "SimpleFlickrClient\SimpleFlickrClient.WindowsPhone\SimpleFlickrClient.WindowsPhone.csproj", "{114DF98A-D570-421B-8542-E82C65998557}"
EndProject
Global
	GlobalSection(SharedMSBuildProjectFiles) = preSolution
		SimpleFlickrClient\SimpleFlickrClient.Shared\SimpleFlickrClient.Shared.projitems*{9ecad7b5-98ae-43f6-95ce-257c30bd62d5}*SharedItemsImports = 4
		SimpleFlickrClient\SimpleFlickrClient.Shared\SimpleFlickrClient.Shared.projitems*{114df98a-d570-421b-8542-e82c65998557}*SharedItemsImports = 4
		SimpleFlickrClient\SimpleFlickrClient.Shared\SimpleFlickrClient.Shared.projitems*{c258b9d2-6b09-4b91-bd76-da23541a08a4}*SharedItemsImports = 13
	EndGlobalSection
	GlobalSection(SolutionConfigurationPlatforms) = preSolution
		Debug|Any CPU = Debug|Any CPU
		Debug|ARM = Debug|ARM
		Debug|x64 = Debug|x64
		Debug|x86 = Debug|x86
		Release|Any CPU = Release|Any CPU
		Release|ARM = Release|ARM
		Release|x64 = Release|x64
		Release|x86 = Release|x86
	EndGlobalSection
	GlobalSection(ProjectConfigurationPlatforms) = postSolution
		{9ECAD7B5-98AE-43F6-95CE-257C30BD62D5}.Debug|Any CPU.ActiveCfg = Debug|Any CPU
		{9ECAD7B5-98AE-43F6-95CE-257C30BD62D5}.Debug|Any CPU.Build.0 = Debug|Any CPU
		{9ECAD7B5-98AE-43F6-95CE-257C30BD62D5}.Debug|Any CPU.Deploy.0 = Debug|Any CPU
		{9ECAD7B5-98AE-43F6-95CE-257C30BD62D5}.Debug|ARM.ActiveCfg = Debug|ARM
		{9ECAD7B5-98AE-43F6-95CE-257C30BD62D5}.Debug|ARM.Build.0 = Debug|ARM
		{9ECAD7B5-98AE-43F6-95CE-257C30BD62D5}.Debug|ARM.Deploy.0 = Debug|ARM
		{9ECAD7B5-98AE-43F6-95CE-257C30BD62D5}.Debug|x64.ActiveCfg = Debug|x64
		{9ECAD7B5-98AE-43F6-95CE-257C30BD62D5}.Debug|x64.Build.0 = Debug|x64
		{9ECAD7B5-98AE-43F6-95CE-257C30BD62D5}.Debug|x64.Deploy.0 = Debug|x64
		{9ECAD7B5-98AE-43F6-95CE-257C30BD62D5}.Debug|x86.ActiveCfg = Debug|x86
		{9ECAD7B5-98AE-43F6-95CE-257C30BD62D5}.Debug|x86.Build.0 = Debug|x86
		{9ECAD7B5-98AE-43F6-95CE-257C30BD62D5}.Debug|x86.Deploy.0 = Debug|x86
		{9ECAD7B5-98AE-43F6-95CE-257C30BD62D5}.Release|Any CPU.ActiveCfg = Release|Any CPU
		{9ECAD7B5-98AE-43F6-95CE-257C30BD62D5}.Release|Any CPU.Build.0 = Release|Any CPU
		{9ECAD7B5-98AE-43F6-95CE-257C30BD62D5}.Release|Any CPU.Deploy.0 = Release|Any CPU
		{9ECAD7B5-98AE-43F6-95CE-257C30BD62D5}.Release|ARM.ActiveCfg = Release|ARM
		{9ECAD7B5-98AE-43F6-95CE-257C30BD62D5}.Release|ARM.Build.0 = Release|ARM
		{9ECAD7B5-98AE-43F6-95CE-257C30BD62D5}.Release|ARM.Deploy.0 = Release|ARM
		{9ECAD7B5-98AE-43F6-95CE-257C30BD62D5}.Release|x64.ActiveCfg = Release|x64
		{9ECAD7B5-98AE-43F6-95CE-257C30BD62D5}.Release|x64.Build.0 = Release|x64
		{9ECAD7B5-98AE-43F6-95CE-257C30BD62D5}.Release|x64.Deploy.0 = Release|x64
		{9ECAD7B5-98AE-43F6-95CE-257C30BD62D5}.Release|x86.ActiveCfg = Release|x86
		{9ECAD7B5-98AE-43F6-95CE-257C30BD62D5}.Release|x86.Build.0 = Release|x86
		{9ECAD7B5-98AE-43F6-95CE-257C30BD62D5}.Release|x86.Deploy.0 = Release|x86
		{114DF98A-D570-421B-8542-E82C65998557}.Debug|Any CPU.ActiveCfg = Debug|Any CPU
		{114DF98A-D570-421B-8542-E82C65998557}.Debug|Any CPU.Build.0 = Debug|Any CPU
		{114DF98A-D570-421B-8542-E82C65998557}.Debug|Any CPU.Deploy.0 = Debug|Any CPU
		{114DF98A-D570-421B-8542-E82C65998557}.Debug|ARM.ActiveCfg = Debug|ARM
		{114DF98A-D570-421B-8542-E82C65998557}.Debug|ARM.Build.0 = Debug|ARM
		{114DF98A-D570-421B-8542-E82C65998557}.Debug|ARM.Deploy.0 = Debug|ARM
		{114DF98A-D570-421B-8542-E82C65998557}.Debug|x64.ActiveCfg = Debug|Any CPU
		{114DF98A-D570-421B-8542-E82C65998557}.Debug|x64.Build.0 = Debug|Any CPU
		{114DF98A-D570-421B-8542-E82C65998557}.Debug|x64.Deploy.0 = Debug|Any CPU
		{114DF98A-D570-421B-8542-E82C65998557}.Debug|x86.ActiveCfg = Debug|x86
		{114DF98A-D570-421B-8542-E82C65998557}.Debug|x86.Build.0 = Debug|x86
		{114DF98A-D570-421B-8542-E82C65998557}.Debug|x86.Deploy.0 = Debug|x86
		{114DF98A-D570-421B-8542-E82C65998557}.Release|Any CPU.ActiveCfg = Release|Any CPU
		{114DF98A-D570-421B-8542-E82C65998557}.Release|Any CPU.Build.0 = Release|Any CPU
		{114DF98A-D570-421B-8542-E82C65998557}.Release|Any CPU.Deploy.0 = Release|Any CPU
		{114DF98A-D570-421B-8542-E82C65998557}.Release|ARM.ActiveCfg = Release|ARM
		{114DF98A-D570-421B-8542-E82C65998557}.Release|ARM.Build.0 = Release|ARM
		{114DF98A-D570-421B-8542-E82C65998557}.Release|ARM.Deploy.0 = Release|ARM
		{114DF98A-D570-421B-8542-E82C65998557}.Release|x64.ActiveCfg = Release|Any CPU
		{114DF98A-D570-421B-8542-E82C65998557}.Release|x64.Build.0 = Release|Any CPU
		{114DF98A-D570-421B-8542-E82C65998557}.Release|x64.Deploy.0 = Release|Any CPU
		{114DF98A-D570-421B-8542-E82C65998557}.Release|x86.ActiveCfg = Release|x86
		{114DF98A-D570-421B-8542-E82C65998557}.Release|x86.Build.0 = Release|x86
		{114DF98A-D570-421B-8542-E82C65998557}.Release|x86.Deploy.0 = Release|x86
	EndGlobalSection
	GlobalSection(SolutionProperties) = preSolution
		HideSolutionNode = FALSE
	EndGlobalSection
	GlobalSection(NestedProjects) = preSolution
		{C258B9D2-6B09-4B91-BD76-DA23541A08A4} = {01ADFFFE-11EB-46F2-9049-6E7FC1F9E8C7}
		{9ECAD7B5-98AE-43F6-95CE-257C30BD62D5} = {01ADFFFE-11EB-46F2-9049-6E7FC1F9E8C7}
		{114DF98A-D570-421B-8542-E82C65998557} = {01ADFFFE-11EB-46F2-9049-6E7FC1F9E8C7}
	EndGlobalSection
EndGlobal
